{
  "name": "discord-tanki",
  "version": "1.0.0",
  "lockfileVersion": 1,
  "requires": true,
  "dependencies": {
    "async-limiter": {
      "version": "1.0.0",
      "resolved": "https://registry.npmjs.org/async-limiter/-/async-limiter-1.0.0.tgz",
      "integrity": "sha512-jp/uFnooOiO+L211eZOoSyzpOITMXx1rBITauYykG3BRYPu8h0UcxsPNB04RR5vo4Tyz3+ay17tR6JVf9qzYWg=="
    },
    "discord-rpc": {
      "version": "3.0.0-beta.12",
      "resolved": "https://registry.npmjs.org/discord-rpc/-/discord-rpc-3.0.0-beta.12.tgz",
      "integrity": "sha512-UV/Y0IGPnT+wsSa5nBrMbgEe1bm3BQckeJbGzrjXA21dOpp1Uobro82ZXeCHJ0EkPTxP09Su8NF8OaihvHcZwQ==",
      "requires": {
        "node-fetch": "^2.1.2",
        "ws": "^5.2.1"
      }
    },
    "node-fetch": {
      "version": "2.1.2",
      "resolved": "https://registry.npmjs.org/node-fetch/-/node-fetch-2.1.2.tgz",
      "integrity": "sha1-q4hOjn5X44qUR1POxwb3iNF2i7U="
    },
    "snekfetch": {
      "version": "3.6.4",
      "resolved": "https://registry.npmjs.org/snekfetch/-/snekfetch-3.6.4.tgz",
      "integrity": "sha512-NjxjITIj04Ffqid5lqr7XdgwM7X61c/Dns073Ly170bPQHLm6jkmelye/eglS++1nfTWktpP6Y2bFXjdPlQqdw=="
    },
    "ws": {
      "version": "5.2.1",
      "resolved": "https://registry.npmjs.org/ws/-/ws-5.2.1.tgz",
      "integrity": "sha512-2NkHdPKjDBj3CHdnAGNpmlliryKqF+n9MYXX7/wsVC4yqYocKreKNjydPDvT3wShAZnndlM0RytEfTALCDvz7A==",
      "requires": {
        "async-limiter": "~1.0.0"
      }
    }
  }
}
